// !$*UTF8*$!
{
	archiveVersion = 1;
	classes = {
	};
	objectVersion = 48;
	objects = {

/* Begin PBXBuildFile section */
		836B5FD81FB4E34300B78D74 /* AppDelegate.swift in Sources */ = {isa = PBXBuildFile; fileRef = 836B5FD71FB4E34300B78D74 /* AppDelegate.swift */; };
		836B5FDA1FB4E34300B78D74 /* ViewController.swift in Sources */ = {isa = PBXBuildFile; fileRef = 836B5FD91FB4E34300B78D74 /* ViewController.swift */; };
		836B5FDD1FB4E34300B78D74 /* Main.storyboard in Resources */ = {isa = PBXBuildFile; fileRef = 836B5FDB1FB4E34300B78D74 /* Main.storyboard */; };
		836B5FDF1FB4E34300B78D74 /* Assets.xcassets in Resources */ = {isa = PBXBuildFile; fileRef = 836B5FDE1FB4E34300B78D74 /* Assets.xcassets */; };
		836B5FE21FB4E34300B78D74 /* LaunchScreen.storyboard in Resources */ = {isa = PBXBuildFile; fileRef = 836B5FE01FB4E34300B78D74 /* LaunchScreen.storyboard */; };
		836B5FEC1FB4E36F00B78D74 /* CloudKit.framework in Frameworks */ = {isa = PBXBuildFile; fileRef = 836B5FEB1FB4E36F00B78D74 /* CloudKit.framework */; };
		836B5FF21FB640D500B78D74 /* Lead.swift in Sources */ = {isa = PBXBuildFile; fileRef = 836B5FF11FB640D500B78D74 /* Lead.swift */; };
		836B5FF41FB640E600B78D74 /* Event.swift in Sources */ = {isa = PBXBuildFile; fileRef = 836B5FF31FB640E600B78D74 /* Event.swift */; };
		83F46C881FBCFA1300CCACD7 /* EventsViewController.swift in Sources */ = {isa = PBXBuildFile; fileRef = 83F46C871FBCFA1300CCACD7 /* EventsViewController.swift */; };
		83F46C8A1FBCFDAE00CCACD7 /* LeadsViewController.swift in Sources */ = {isa = PBXBuildFile; fileRef = 83F46C891FBCFDAE00CCACD7 /* LeadsViewController.swift */; };
		83F46C8C1FBD010E00CCACD7 /* LeadDetailViewController.swift in Sources */ = {isa = PBXBuildFile; fileRef = 83F46C8B1FBD010E00CCACD7 /* LeadDetailViewController.swift */; };
		83F46C8E1FBD011F00CCACD7 /* AddLeadViewController.swift in Sources */ = {isa = PBXBuildFile; fileRef = 83F46C8D1FBD011F00CCACD7 /* AddLeadViewController.swift */; };
/* End PBXBuildFile section */

/* Begin PBXFileReference section */
		836B5FD41FB4E34300B78D74 /* Lead Capture.app */ = {isa = PBXFileReference; explicitFileType = wrapper.application; includeInIndex = 0; path = "Lead Capture.app"; sourceTree = BUILT_PRODUCTS_DIR; };
		836B5FD71FB4E34300B78D74 /* AppDelegate.swift */ = {isa = PBXFileReference; lastKnownFileType = sourcecode.swift; path = AppDelegate.swift; sourceTree = "<group>"; };
		836B5FD91FB4E34300B78D74 /* ViewController.swift */ = {isa = PBXFileReference; lastKnownFileType = sourcecode.swift; path = ViewController.swift; sourceTree = "<group>"; };
		836B5FDC1FB4E34300B78D74 /* Base */ = {isa = PBXFileReference; lastKnownFileType = file.storyboard; name = Base; path = Base.lproj/Main.storyboard; sourceTree = "<group>"; };
		836B5FDE1FB4E34300B78D74 /* Assets.xcassets */ = {isa = PBXFileReference; lastKnownFileType = folder.assetcatalog; path = Assets.xcassets; sourceTree = "<group>"; };
		836B5FE11FB4E34300B78D74 /* Base */ = {isa = PBXFileReference; lastKnownFileType = file.storyboard; name = Base; path = Base.lproj/LaunchScreen.storyboard; sourceTree = "<group>"; };
		836B5FE31FB4E34300B78D74 /* Info.plist */ = {isa = PBXFileReference; lastKnownFileType = text.plist.xml; path = Info.plist; sourceTree = "<group>"; };
		836B5FE91FB4E36800B78D74 /* Lead Capture.entitlements */ = {isa = PBXFileReference; lastKnownFileType = text.plist.entitlements; path = "Lead Capture.entitlements"; sourceTree = "<group>"; };
		836B5FEB1FB4E36F00B78D74 /* CloudKit.framework */ = {isa = PBXFileReference; lastKnownFileType = wrapper.framework; name = CloudKit.framework; path = System/Library/Frameworks/CloudKit.framework; sourceTree = SDKROOT; };
		836B5FF11FB640D500B78D74 /* Lead.swift */ = {isa = PBXFileReference; lastKnownFileType = sourcecode.swift; path = Lead.swift; sourceTree = "<group>"; };
		836B5FF31FB640E600B78D74 /* Event.swift */ = {isa = PBXFileReference; lastKnownFileType = sourcecode.swift; path = Event.swift; sourceTree = "<group>"; };
		83F46C871FBCFA1300CCACD7 /* EventsViewController.swift */ = {isa = PBXFileReference; lastKnownFileType = sourcecode.swift; path = EventsViewController.swift; sourceTree = "<group>"; };
		83F46C891FBCFDAE00CCACD7 /* LeadsViewController.swift */ = {isa = PBXFileReference; lastKnownFileType = sourcecode.swift; path = LeadsViewController.swift; sourceTree = "<group>"; };
		83F46C8B1FBD010E00CCACD7 /* LeadDetailViewController.swift */ = {isa = PBXFileReference; lastKnownFileType = sourcecode.swift; path = LeadDetailViewController.swift; sourceTree = "<group>"; };
		83F46C8D1FBD011F00CCACD7 /* AddLeadViewController.swift */ = {isa = PBXFileReference; lastKnownFileType = sourcecode.swift; path = AddLeadViewController.swift; sourceTree = "<group>"; };
/* End PBXFileReference section */

/* Begin PBXFrameworksBuildPhase section */
		836B5FD11FB4E34300B78D74 /* Frameworks */ = {
			isa = PBXFrameworksBuildPhase;
			buildActionMask = 2147483647;
			files = (
				836B5FEC1FB4E36F00B78D74 /* CloudKit.framework in Frameworks */,
			);
			runOnlyForDeploymentPostprocessing = 0;
		};
/* End PBXFrameworksBuildPhase section */

/* Begin PBXGroup section */
		836B5FCB1FB4E34300B78D74 = {
			isa = PBXGroup;
			children = (
				836B5FD61FB4E34300B78D74 /* Lead Capture */,
				836B5FD51FB4E34300B78D74 /* Products */,
				836B5FEA1FB4E36F00B78D74 /* Frameworks */,
			);
			sourceTree = "<group>";
		};
		836B5FD51FB4E34300B78D74 /* Products */ = {
			isa = PBXGroup;
			children = (
				836B5FD41FB4E34300B78D74 /* Lead Capture.app */,
			);
			name = Products;
			sourceTree = "<group>";
		};
		836B5FD61FB4E34300B78D74 /* Lead Capture */ = {
			isa = PBXGroup;
			children = (
				836B5FE31FB4E34300B78D74 /* Info.plist */,
				836B5FE91FB4E36800B78D74 /* Lead Capture.entitlements */,
				836B5FED1FB6408700B78D74 /* Model */,
				83F46C841FBCF9B200CCACD7 /* View */,
				83F46C851FBCF9B900CCACD7 /* Controller */,
				83F46C861FBCF9CE00CCACD7 /* Support */,
			);
			path = "Lead Capture";
			sourceTree = "<group>";
		};
		836B5FEA1FB4E36F00B78D74 /* Frameworks */ = {
			isa = PBXGroup;
			children = (
				836B5FEB1FB4E36F00B78D74 /* CloudKit.framework */,
			);
			name = Frameworks;
			sourceTree = "<group>";
		};
		836B5FED1FB6408700B78D74 /* Model */ = {
			isa = PBXGroup;
			children = (
				836B5FD71FB4E34300B78D74 /* AppDelegate.swift */,
				836B5FF11FB640D500B78D74 /* Lead.swift */,
				836B5FF31FB640E600B78D74 /* Event.swift */,
			);
			path = Model;
			sourceTree = "<group>";
		};
		83F46C841FBCF9B200CCACD7 /* View */ = {
			isa = PBXGroup;
			children = (
				836B5FDB1FB4E34300B78D74 /* Main.storyboard */,
				836B5FE01FB4E34300B78D74 /* LaunchScreen.storyboard */,
			);
			path = View;
			sourceTree = "<group>";
		};
		83F46C851FBCF9B900CCACD7 /* Controller */ = {
			isa = PBXGroup;
			children = (
				836B5FD91FB4E34300B78D74 /* ViewController.swift */,
				83F46C871FBCFA1300CCACD7 /* EventsViewController.swift */,
				83F46C891FBCFDAE00CCACD7 /* LeadsViewController.swift */,
				83F46C8B1FBD010E00CCACD7 /* LeadDetailViewController.swift */,
				83F46C8D1FBD011F00CCACD7 /* AddLeadViewController.swift */,
			);
			path = Controller;
			sourceTree = "<group>";
		};
		83F46C861FBCF9CE00CCACD7 /* Support */ = {
			isa = PBXGroup;
			children = (
				836B5FDE1FB4E34300B78D74 /* Assets.xcassets */,
			);
			path = Support;
			sourceTree = "<group>";
		};
/* End PBXGroup section */

/* Begin PBXNativeTarget section */
		836B5FD31FB4E34300B78D74 /* Lead Capture */ = {
			isa = PBXNativeTarget;
			buildConfigurationList = 836B5FE61FB4E34300B78D74 /* Build configuration list for PBXNativeTarget "Lead Capture" */;
			buildPhases = (
				836B5FD01FB4E34300B78D74 /* Sources */,
				836B5FD11FB4E34300B78D74 /* Frameworks */,
				836B5FD21FB4E34300B78D74 /* Resources */,
			);
			buildRules = (
			);
			dependencies = (
			);
			name = "Lead Capture";
			productName = "Lead Capture";
			productReference = 836B5FD41FB4E34300B78D74 /* Lead Capture.app */;
			productType = "com.apple.product-type.application";
		};
/* End PBXNativeTarget section */

/* Begin PBXProject section */
		836B5FCC1FB4E34300B78D74 /* Project object */ = {
			isa = PBXProject;
			attributes = {
				LastSwiftUpdateCheck = 0910;
				LastUpgradeCheck = 0910;
				ORGANIZATIONNAME = "Mike MIksch";
				TargetAttributes = {
					836B5FD31FB4E34300B78D74 = {
						CreatedOnToolsVersion = 9.1;
						ProvisioningStyle = Automatic;
						SystemCapabilities = {
							com.apple.Push = {
								enabled = 1;
							};
							com.apple.iCloud = {
								enabled = 1;
							};
						};
					};
				};
			};
			buildConfigurationList = 836B5FCF1FB4E34300B78D74 /* Build configuration list for PBXProject "Lead Capture" */;
			compatibilityVersion = "Xcode 8.0";
			developmentRegion = en;
			hasScannedForEncodings = 0;
			knownRegions = (
				en,
				Base,
			);
			mainGroup = 836B5FCB1FB4E34300B78D74;
			productRefGroup = 836B5FD51FB4E34300B78D74 /* Products */;
			projectDirPath = "";
			projectRoot = "";
			targets = (
				836B5FD31FB4E34300B78D74 /* Lead Capture */,
			);
		};
/* End PBXProject section */

/* Begin PBXResourcesBuildPhase section */
		836B5FD21FB4E34300B78D74 /* Resources */ = {
			isa = PBXResourcesBuildPhase;
			buildActionMask = 2147483647;
			files = (
				836B5FE21FB4E34300B78D74 /* LaunchScreen.storyboard in Resources */,
				836B5FDF1FB4E34300B78D74 /* Assets.xcassets in Resources */,
				836B5FDD1FB4E34300B78D74 /* Main.storyboard in Resources */,
			);
			runOnlyForDeploymentPostprocessing = 0;
		};
/* End PBXResourcesBuildPhase section */

/* Begin PBXSourcesBuildPhase section */
		836B5FD01FB4E34300B78D74 /* Sources */ = {
			isa = PBXSourcesBuildPhase;
			buildActionMask = 2147483647;
			files = (
				83F46C8A1FBCFDAE00CCACD7 /* LeadsViewController.swift in Sources */,
				836B5FF41FB640E600B78D74 /* Event.swift in Sources */,
				83F46C8C1FBD010E00CCACD7 /* LeadDetailViewController.swift in Sources */,
				836B5FF21FB640D500B78D74 /* Lead.swift in Sources */,
				83F46C8E1FBD011F00CCACD7 /* AddLeadViewController.swift in Sources */,
				836B5FDA1FB4E34300B78D74 /* ViewController.swift in Sources */,
				836B5FD81FB4E34300B78D74 /* AppDelegate.swift in Sources */,
				83F46C881FBCFA1300CCACD7 /* EventsViewController.swift in Sources */,
			);
			runOnlyForDeploymentPostprocessing = 0;
		};
/* End PBXSourcesBuildPhase section */

/* Begin PBXVariantGroup section */
		836B5FDB1FB4E34300B78D74 /* Main.storyboard */ = {
			isa = PBXVariantGroup;
			children = (
				836B5FDC1FB4E34300B78D74 /* Base */,
			);
			name = Main.storyboard;
			sourceTree = "<group>";
		};
		836B5FE01FB4E34300B78D74 /* LaunchScreen.storyboard */ = {
			isa = PBXVariantGroup;
			children = (
				836B5FE11FB4E34300B78D74 /* Base */,
			);
			name = LaunchScreen.storyboard;
			sourceTree = "<group>";
		};
/* End PBXVariantGroup section */

/* Begin XCBuildConfiguration section */
		836B5FE41FB4E34300B78D74 /* Debug */ = {
			isa = XCBuildConfiguration;
			buildSettings = {
				ALWAYS_SEARCH_USER_PATHS = NO;
				CLANG_ANALYZER_NONNULL = YES;
				CLANG_ANALYZER_NUMBER_OBJECT_CONVERSION = YES_AGGRESSIVE;
				CLANG_CXX_LANGUAGE_STANDARD = "gnu++14";
				CLANG_CXX_LIBRARY = "libc++";
				CLANG_ENABLE_MODULES = YES;
				CLANG_ENABLE_OBJC_ARC = YES;
				CLANG_WARN_BLOCK_CAPTURE_AUTORELEASING = YES;
				CLANG_WARN_BOOL_CONVERSION = YES;
				CLANG_WARN_COMMA = YES;
				CLANG_WARN_CONSTANT_CONVERSION = YES;
				CLANG_WARN_DIRECT_OBJC_ISA_USAGE = YES_ERROR;
				CLANG_WARN_DOCUMENTATION_COMMENTS = YES;
				CLANG_WARN_EMPTY_BODY = YES;
				CLANG_WARN_ENUM_CONVERSION = YES;
				CLANG_WARN_INFINITE_RECURSION = YES;
				CLANG_WARN_INT_CONVERSION = YES;
				CLANG_WARN_NON_LITERAL_NULL_CONVERSION = YES;
				CLANG_WARN_OBJC_LITERAL_CONVERSION = YES;
				CLANG_WARN_OBJC_ROOT_CLASS = YES_ERROR;
				CLANG_WARN_RANGE_LOOP_ANALYSIS = YES;
				CLANG_WARN_STRICT_PROTOTYPES = YES;
				CLANG_WARN_SUSPICIOUS_MOVE = YES;
				CLANG_WARN_UNGUARDED_AVAILABILITY = YES_AGGRESSIVE;
				CLANG_WARN_UNREACHABLE_CODE = YES;
				CLANG_WARN__DUPLICATE_METHOD_MATCH = YES;
				CODE_SIGN_IDENTITY = "iPhone Developer";
				COPY_PHASE_STRIP = NO;
				DEBUG_INFORMATION_FORMAT = dwarf;
				ENABLE_STRICT_OBJC_MSGSEND = YES;
				ENABLE_TESTABILITY = YES;
				GCC_C_LANGUAGE_STANDARD = gnu11;
				GCC_DYNAMIC_NO_PIC = NO;
				GCC_NO_COMMON_BLOCKS = YES;
				GCC_OPTIMIZATION_LEVEL = 0;
				GCC_PREPROCESSOR_DEFINITIONS = (
					"DEBUG=1",
					"$(inherited)",
				);
				GCC_WARN_64_TO_32_BIT_CONVERSION = YES;
				GCC_WARN_ABOUT_RETURN_TYPE = YES_ERROR;
				GCC_WARN_UNDECLARED_SELECTOR = YES;
				GCC_WARN_UNINITIALIZED_AUTOS = YES_AGGRESSIVE;
				GCC_WARN_UNUSED_FUNCTION = YES;
				GCC_WARN_UNUSED_VARIABLE = YES;
				IPHONEOS_DEPLOYMENT_TARGET = 11.1;
				MTL_ENABLE_DEBUG_INFO = YES;
				ONLY_ACTIVE_ARCH = YES;
				SDKROOT = iphoneos;
				SWIFT_ACTIVE_COMPILATION_CONDITIONS = DEBUG;
				SWIFT_OPTIMIZATION_LEVEL = "-Onone";
			};
			name = Debug;
		};
		836B5FE51FB4E34300B78D74 /* Release */ = {
			isa = XCBuildConfiguration;
			buildSettings = {
				ALWAYS_SEARCH_USER_PATHS = NO;
				CLANG_ANALYZER_NONNULL = YES;
				CLANG_ANALYZER_NUMBER_OBJECT_CONVERSION = YES_AGGRESSIVE;
				CLANG_CXX_LANGUAGE_STANDARD = "gnu++14";
				CLANG_CXX_LIBRARY = "libc++";
				CLANG_ENABLE_MODULES = YES;
				CLANG_ENABLE_OBJC_ARC = YES;
				CLANG_WARN_BLOCK_CAPTURE_AUTORELEASING = YES;
				CLANG_WARN_BOOL_CONVERSION = YES;
				CLANG_WARN_COMMA = YES;
				CLANG_WARN_CONSTANT_CONVERSION = YES;
				CLANG_WARN_DIRECT_OBJC_ISA_USAGE = YES_ERROR;
				CLANG_WARN_DOCUMENTATION_COMMENTS = YES;
				CLANG_WARN_EMPTY_BODY = YES;
				CLANG_WARN_ENUM_CONVERSION = YES;
				CLANG_WARN_INFINITE_RECURSION = YES;
				CLANG_WARN_INT_CONVERSION = YES;
				CLANG_WARN_NON_LITERAL_NULL_CONVERSION = YES;
				CLANG_WARN_OBJC_LITERAL_CONVERSION = YES;
				CLANG_WARN_OBJC_ROOT_CLASS = YES_ERROR;
				CLANG_WARN_RANGE_LOOP_ANALYSIS = YES;
				CLANG_WARN_STRICT_PROTOTYPES = YES;
				CLANG_WARN_SUSPICIOUS_MOVE = YES;
				CLANG_WARN_UNGUARDED_AVAILABILITY = YES_AGGRESSIVE;
				CLANG_WARN_UNREACHABLE_CODE = YES;
				CLANG_WARN__DUPLICATE_METHOD_MATCH = YES;
				CODE_SIGN_IDENTITY = "iPhone Developer";
				COPY_PHASE_STRIP = NO;
				DEBUG_INFORMATION_FORMAT = "dwarf-with-dsym";
				ENABLE_NS_ASSERTIONS = NO;
				ENABLE_STRICT_OBJC_MSGSEND = YES;
				GCC_C_LANGUAGE_STANDARD = gnu11;
				GCC_NO_COMMON_BLOCKS = YES;
				GCC_WARN_64_TO_32_BIT_CONVERSION = YES;
				GCC_WARN_ABOUT_RETURN_TYPE = YES_ERROR;
				GCC_WARN_UNDECLARED_SELECTOR = YES;
				GCC_WARN_UNINITIALIZED_AUTOS = YES_AGGRESSIVE;
				GCC_WARN_UNUSED_FUNCTION = YES;
				GCC_WARN_UNUSED_VARIABLE = YES;
				IPHONEOS_DEPLOYMENT_TARGET = 11.1;
				MTL_ENABLE_DEBUG_INFO = NO;
				SDKROOT = iphoneos;
				SWIFT_OPTIMIZATION_LEVEL = "-Owholemodule";
				VALIDATE_PRODUCT = YES;
			};
			name = Release;
		};
		836B5FE71FB4E34300B78D74 /* Debug */ = {
			isa = XCBuildConfiguration;
			buildSettings = {
				ASSETCATALOG_COMPILER_APPICON_NAME = AppIcon;
				CODE_SIGN_ENTITLEMENTS = "Lead Capture/Lead Capture.entitlements";
				CODE_SIGN_STYLE = Automatic;
				DEVELOPMENT_TEAM = HDU39LZWX7;
				INFOPLIST_FILE = "Lead Capture/Info.plist";
				LD_RUNPATH_SEARCH_PATHS = "$(inherited) @executable_path/Frameworks";
				PRODUCT_BUNDLE_IDENTIFIER = "com.MikeMiksch.Lead-Capture";
				PRODUCT_NAME = "$(TARGET_NAME)";
				SWIFT_VERSION = 4.0;
				TARGETED_DEVICE_FAMILY = "1,2";
			};
			name = Debug;
		};
		836B5FE81FB4E34300B78D74 /* Release */ = {
			isa = XCBuildConfiguration;
			buildSettings = {
				ASSETCATALOG_COMPILER_APPICON_NAME = AppIcon;
				CODE_SIGN_ENTITLEMENTS = "Lead Capture/Lead Capture.entitlements";
				CODE_SIGN_STYLE = Automatic;
				DEVELOPMENT_TEAM = HDU39LZWX7;
				INFOPLIST_FILE = "Lead Capture/Info.plist";
				LD_RUNPATH_SEARCH_PATHS = "$(inherited) @executable_path/Frameworks";
				PRODUCT_BUNDLE_IDENTIFIER = "com.MikeMiksch.Lead-Capture";
				PRODUCT_NAME = "$(TARGET_NAME)";
				SWIFT_VERSION = 4.0;
				TARGETED_DEVICE_FAMILY = "1,2";
			};
			name = Release;
		};
/* End XCBuildConfiguration section */

/* Begin XCConfigurationList section */
		836B5FCF1FB4E34300B78D74 /* Build configuration list for PBXProject "Lead Capture" */ = {
			isa = XCConfigurationList;
			buildConfigurations = (
				836B5FE41FB4E34300B78D74 /* Debug */,
				836B5FE51FB4E34300B78D74 /* Release */,
			);
			defaultConfigurationIsVisible = 0;
			defaultConfigurationName = Release;
		};
		836B5FE61FB4E34300B78D74 /* Build configuration list for PBXNativeTarget "Lead Capture" */ = {
			isa = XCConfigurationList;
			buildConfigurations = (
				836B5FE71FB4E34300B78D74 /* Debug */,
				836B5FE81FB4E34300B78D74 /* Release */,
			);
			defaultConfigurationIsVisible = 0;
			defaultConfigurationName = Release;
		};
/* End XCConfigurationList section */
	};
	rootObject = 836B5FCC1FB4E34300B78D74 /* Project object */;
}
